<?xml version="1.0" encoding="utf-8"?>
<Project ToolsVersion="4.0" xmlns="http://schemas.microsoft.com/developer/msbuild/2003">
  <ItemGroup>
    <Filter Include="include">
      <UniqueIdentifier>{89AF369E-F58E-B539-FEA6-40106A051C9B}</UniqueIdentifier>
    </Filter>
    <Filter Include="include\Scar">
      <UniqueIdentifier>{6182D069-4DE5-5F0E-F66A-98C4E2AC2B91}</UniqueIdentifier>
    </Filter>
    <Filter Include="include\Scar\application">
      <UniqueIdentifier>{C4FFF963-B024-49E4-D96F-2E74C5F34702}</UniqueIdentifier>
    </Filter>
    <Filter Include="include\Scar\core">
      <UniqueIdentifier>{79D74030-E5ED-3EC6-2E65-CAE79ABA0F4E}</UniqueIdentifier>
    </Filter>
    <Filter Include="include\Scar\events">
      <UniqueIdentifier>{45ABF648-B10C-D456-3A7A-1A09A6DA0A16}</UniqueIdentifier>
    </Filter>
    <Filter Include="include\Scar\graphics">
      <UniqueIdentifier>{E123B2FC-4D90-6DF7-1684-055582AF8F5F}</UniqueIdentifier>
    </Filter>
    <Filter Include="include\Scar\imguiWindow">
      <UniqueIdentifier>{43F63F9D-2F1B-8F1D-5866-74AD44EA8D3B}</UniqueIdentifier>
    </Filter>
    <Filter Include="include\Scar\managers">
      <UniqueIdentifier>{7E1DE286-EA89-9D81-B37D-35DF1FA9BFE9}</UniqueIdentifier>
    </Filter>
    <Filter Include="include\Scar\window">
      <UniqueIdentifier>{480C0D72-B46D-EA7F-3DDB-3032A93B213F}</UniqueIdentifier>
    </Filter>
    <Filter Include="include\vendor">
      <UniqueIdentifier>{C651CA71-B21F-BE77-9BB3-2E9E87209ADC}</UniqueIdentifier>
    </Filter>
    <Filter Include="include\vendor\imgui">
      <UniqueIdentifier>{B01B5A4D-9CAA-E316-45C9-F7113137F4BC}</UniqueIdentifier>
    </Filter>
    <Filter Include="include\vendor\imgui\debuggers">
      <UniqueIdentifier>{172573C1-034B-3D28-EC90-C2F3D85562F4}</UniqueIdentifier>
    </Filter>
    <Filter Include="src">
      <UniqueIdentifier>{2DAB880B-99B4-887C-2230-9F7C8E38947C}</UniqueIdentifier>
    </Filter>
    <Filter Include="src\core">
      <UniqueIdentifier>{C55F2ECF-B12C-89DA-DA45-7782C671BE68}</UniqueIdentifier>
    </Filter>
    <Filter Include="src\events">
      <UniqueIdentifier>{91766759-7D2E-A9A6-E635-8202D20C4497}</UniqueIdentifier>
    </Filter>
    <Filter Include="src\graphics">
      <UniqueIdentifier>{2DF282EC-1955-1291-C2DA-4A47AE1CDE13}</UniqueIdentifier>
    </Filter>
    <Filter Include="src\imguiWindow">
      <UniqueIdentifier>{0FB12FAC-7B3C-9D70-844D-2065F057F970}</UniqueIdentifier>
    </Filter>
    <Filter Include="src\managers">
      <UniqueIdentifier>{CAEBB276-B64E-421B-5FD4-7AD14B160E9E}</UniqueIdentifier>
    </Filter>
    <Filter Include="src\window">
      <UniqueIdentifier>{94D77D82-808F-BFCF-E996-982BD56D5AC0}</UniqueIdentifier>
    </Filter>
  </ItemGroup>
  <ItemGroup>
    <ClInclude Include="include\Scar\application\Application.h">
      <Filter>include\Scar\application</Filter>
    </ClInclude>
    <ClInclude Include="include\Scar\core\Engine.h">
      <Filter>include\Scar\core</Filter>
    </ClInclude>
    <ClInclude Include="include\Scar\core\EntryPoint.h">
      <Filter>include\Scar\core</Filter>
    </ClInclude>
    <ClInclude Include="include\Scar\core\Log.h">
      <Filter>include\Scar\core</Filter>
    </ClInclude>
    <ClInclude Include="include\Scar\core\core.h">
      <Filter>include\Scar\core</Filter>
    </ClInclude>
    <ClInclude Include="include\Scar\events\KeyEvent.h">
      <Filter>include\Scar\events</Filter>
    </ClInclude>
    <ClInclude Include="include\Scar\events\MouseEvent.h">
      <Filter>include\Scar\events</Filter>
    </ClInclude>
    <ClInclude Include="include\Scar\graphics\Helpers.h">
      <Filter>include\Scar\graphics</Filter>
    </ClInclude>
    <ClInclude Include="include\Scar\graphics\Mesh.h">
      <Filter>include\Scar\graphics</Filter>
    </ClInclude>
    <ClInclude Include="include\Scar\graphics\RenderCommands.h">
      <Filter>include\Scar\graphics</Filter>
    </ClInclude>
    <ClInclude Include="include\Scar\graphics\Shader.h">
      <Filter>include\Scar\graphics</Filter>
    </ClInclude>
    <ClInclude Include="include\Scar\imguiWindow\imguiWindow.h">
      <Filter>include\Scar\imguiWindow</Filter>
    </ClInclude>
    <ClInclude Include="include\Scar\managers\LogManager.h">
      <Filter>include\Scar\managers</Filter>
    </ClInclude>
    <ClInclude Include="include\Scar\managers\RenderManager.h">
      <Filter>include\Scar\managers</Filter>
    </ClInclude>
    <ClInclude Include="include\Scar\window\Window.h">
      <Filter>include\Scar\window</Filter>
    </ClInclude>
    <ClInclude Include="include\vendor\imgui\imconfig.h">
      <Filter>include\vendor\imgui</Filter>
    </ClInclude>
    <ClInclude Include="include\vendor\imgui\imgui.h">
      <Filter>include\vendor\imgui</Filter>
    </ClInclude>
    <ClInclude Include="include\vendor\imgui\imgui_impl_opengl3.h">
      <Filter>include\vendor\imgui</Filter>
    </ClInclude>
    <ClInclude Include="include\vendor\imgui\imgui_impl_opengl3_loader.h">
      <Filter>include\vendor\imgui</Filter>
    </ClInclude>
    <ClInclude Include="include\vendor\imgui\imgui_impl_sdl.h">
      <Filter>include\vendor\imgui</Filter>
    </ClInclude>
    <ClInclude Include="include\vendor\imgui\imgui_internal.h">
      <Filter>include\vendor\imgui</Filter>
    </ClInclude>
    <ClInclude Include="include\vendor\imgui\imgui_stdlib.h">
      <Filter>include\vendor\imgui</Filter>
    </ClInclude>
    <ClInclude Include="include\vendor\imgui\imstb_rectpack.h">
      <Filter>include\vendor\imgui</Filter>
    </ClInclude>
    <ClInclude Include="include\vendor\imgui\imstb_textedit.h">
      <Filter>include\vendor\imgui</Filter>
    </ClInclude>
    <ClInclude Include="include\vendor\imgui\imstb_truetype.h">
      <Filter>include\vendor\imgui</Filter>
    </ClInclude>
  </ItemGroup>
  <ItemGroup>
    <ClCompile Include="include\vendor\imgui\imgui.cpp">
      <Filter>include\vendor\imgui</Filter>
    </ClCompile>
    <ClCompile Include="include\vendor\imgui\imgui_demo.cpp">
      <Filter>include\vendor\imgui</Filter>
    </ClCompile>
    <ClCompile Include="include\vendor\imgui\imgui_draw.cpp">
      <Filter>include\vendor\imgui</Filter>
    </ClCompile>
    <ClCompile Include="include\vendor\imgui\imgui_impl_opengl3.cpp">
      <Filter>include\vendor\imgui</Filter>
    </ClCompile>
    <ClCompile Include="include\vendor\imgui\imgui_impl_sdl.cpp">
      <Filter>include\vendor\imgui</Filter>
    </ClCompile>
    <ClCompile Include="include\vendor\imgui\imgui_stdlib.cpp">
      <Filter>include\vendor\imgui</Filter>
    </ClCompile>
    <ClCompile Include="include\vendor\imgui\imgui_tables.cpp">
      <Filter>include\vendor\imgui</Filter>
    </ClCompile>
    <ClCompile Include="include\vendor\imgui\imgui_widgets.cpp">
      <Filter>include\vendor\imgui</Filter>
    </ClCompile>
    <ClCompile Include="src\core\Engine.cpp">
      <Filter>src\core</Filter>
    </ClCompile>
    <ClCompile Include="src\events\KeyEvent.cpp">
      <Filter>src\events</Filter>
    </ClCompile>
    <ClCompile Include="src\events\MouseEvent.cpp">
      <Filter>src\events</Filter>
    </ClCompile>
    <ClCompile Include="src\graphics\Mesh.cpp">
      <Filter>src\graphics</Filter>
    </ClCompile>
    <ClCompile Include="src\graphics\RenderCommands.cpp">
      <Filter>src\graphics</Filter>
    </ClCompile>
    <ClCompile Include="src\graphics\Shader.cpp">
      <Filter>src\graphics</Filter>
    </ClCompile>
    <ClCompile Include="src\imguiWindow\imguiWindow.cpp">
      <Filter>src\imguiWindow</Filter>
    </ClCompile>
    <ClCompile Include="src\managers\LogManager.cpp">
      <Filter>src\managers</Filter>
    </ClCompile>
    <ClCompile Include="src\managers\RenderManager.cpp">
      <Filter>src\managers</Filter>
    </ClCompile>
    <ClCompile Include="src\window\Window.cpp">
      <Filter>src\window</Filter>
    </ClCompile>
  </ItemGroup>
  <ItemGroup>
    <Natvis Include="include\vendor\imgui\debuggers\imgui.natvis">
      <Filter>include\vendor\imgui\debuggers</Filter>
    </Natvis>
  </ItemGroup>
</Project>