<?xml version="1.0" encoding="utf-8"?>
<Project ToolsVersion="4.0" xmlns="http://schemas.microsoft.com/developer/msbuild/2003">
  <ItemGroup>
    <Filter Include="Ball">
      <UniqueIdentifier>{80EB827C-6C22-840D-150F-6A100125000F}</UniqueIdentifier>
    </Filter>
    <Filter Include="GameObjects">
      <UniqueIdentifier>{09AE9FEC-7563-18E2-FE57-12B96A0C0FE6}</UniqueIdentifier>
    </Filter>
  </ItemGroup>
  <ItemGroup>
    <ClInclude Include="src\Ball\Ball.h">
      <Filter>Ball</Filter>
    </ClInclude>
    <ClInclude Include="src\GameObjects\GameObj.h">
      <Filter>GameObjects</Filter>
    </ClInclude>
  </ItemGroup>
  <ItemGroup>
    <ClCompile Include="src\GameObjects\GameObj.cpp">
      <Filter>GameObjects</Filter>
    </ClCompile>
    <ClCompile Include="src\Pong.cpp" />
  </ItemGroup>
  <ItemGroup>
    <Text Include="src\shaders\BallFragmentShader.sh" />
  </ItemGroup>
</Project>